
Microsoft Visual Studio Solution File, Format Version 12.00
# Visual Studio Version 16
VisualStudioVersion = 16.0.31112.23
MinimumVisualStudioVersion = 10.0.40219.1
Project("{2150E333-8FDC-42A3-9474-1A3956D46DE8}") = "UI", "UI", "{2CC4ED27-C459-4440-8FA8-B84B6BD630B0}"
EndProject
Project("{2150E333-8FDC-42A3-9474-1A3956D46DE8}") = "BuinsessLogic", "BuinsessLogic", "{CFB1E401-B346-4D26-A302-97A55EEC734F}"
EndProject
Project("{2150E333-8FDC-42A3-9474-1A3956D46DE8}") = "Common", "Common", "{267D7085-8B97-4F12-A003-F36D7C5B153C}"
EndProject
Project("{2150E333-8FDC-42A3-9474-1A3956D46DE8}") = "DataAccess", "DataAccess", "{163CA97B-040F-4495-883C-B5ACF33AF02D}"
EndProject
Project("{9A19103F-16F7-4668-BE54-9A1E7A4F7556}") = "Seawars.WPF", "Seawars.WPF\Seawars.WPF.csproj", "{1210E461-A1CF-43BA-A740-C7FC87EC47B9}"
EndProject
Project("{9A19103F-16F7-4668-BE54-9A1E7A4F7556}") = "Seawars.Domain", "Seawars.Domain\Seawars.Domain.csproj", "{C6779785-EC2A-44FA-B22B-088F6F9362D3}"
EndProject
Project("{9A19103F-16F7-4668-BE54-9A1E7A4F7556}") = "Seawars.DAL", "Seawars.DAL\Seawars.DAL.csproj", "{8B73C7D4-BB56-4EDB-9116-1DA8317A6319}"
EndProject
Project("{9A19103F-16F7-4668-BE54-9A1E7A4F7556}") = "Seawars.DAL.SqlServer", "Seawars.DAL.SqlServer\Seawars.DAL.SqlServer.csproj", "{EB7EB82A-C49B-47BB-9849-941847333EAD}"
EndProject
Project("{9A19103F-16F7-4668-BE54-9A1E7A4F7556}") = "Seawars.WebApi", "Seawars.WebApi\Seawars.WebApi.csproj", "{6DA2FFAB-85DF-434F-9A32-5EF19C7E6B1B}"
EndProject
Project("{9A19103F-16F7-4668-BE54-9A1E7A4F7556}") = "Seawars.Interfaces", "Seawars.Interfaces\Seawars.Interfaces.csproj", "{7BD933AA-0190-44E9-BFFD-961A44B7959C}"
EndProject
Project("{9A19103F-16F7-4668-BE54-9A1E7A4F7556}") = "Seawars.WebApi.Clients", "Seawars.WebApi.Clients\Seawars.WebApi.Clients.csproj", "{271B7E0D-877A-4D45-AB74-28DEB9867ACB}"
EndProject
Project("{2150E333-8FDC-42A3-9474-1A3956D46DE8}") = "Tests", "Tests", "{68484318-7206-4E43-AC9E-A243AE6EC5DD}"
EndProject
Project("{9A19103F-16F7-4668-BE54-9A1E7A4F7556}") = "Seawars.UnitTests", "Seawars.UnitTests\Seawars.UnitTests.csproj", "{E7DBC739-2B77-43BB-BB79-E2616EF78B7F}"
EndProject
Project("{9A19103F-16F7-4668-BE54-9A1E7A4F7556}") = "Seawars.Console", "Seawars.Console\Seawars.Console.csproj", "{F17CC984-7284-4BAA-ABD7-6F4196684B51}"
EndProject
Project("{9A19103F-16F7-4668-BE54-9A1E7A4F7556}") = "Seawars.Infrastructure", "Seawars.Infrastructure\Seawars.Infrastructure.csproj", "{714FA223-073C-4994-A14E-7DEADFAD4EB6}"
EndProject
Project("{2150E333-8FDC-42A3-9474-1A3956D46DE8}") = "API", "API", "{AEF28560-A609-4D66-A3CF-5519258B0F02}"
EndProject
Project("{9A19103F-16F7-4668-BE54-9A1E7A4F7556}") = "Seawars.Application", "Application\Seawars.Application.csproj", "{918B9E3A-78D5-417B-9967-049A95141C2A}"
EndProject
Global
	GlobalSection(SolutionConfigurationPlatforms) = preSolution
		Debug|Any CPU = Debug|Any CPU
		Release|Any CPU = Release|Any CPU
	EndGlobalSection
	GlobalSection(ProjectConfigurationPlatforms) = postSolution
		{1210E461-A1CF-43BA-A740-C7FC87EC47B9}.Debug|Any CPU.ActiveCfg = Debug|Any CPU
		{1210E461-A1CF-43BA-A740-C7FC87EC47B9}.Debug|Any CPU.Build.0 = Debug|Any CPU
		{1210E461-A1CF-43BA-A740-C7FC87EC47B9}.Release|Any CPU.ActiveCfg = Release|Any CPU
		{1210E461-A1CF-43BA-A740-C7FC87EC47B9}.Release|Any CPU.Build.0 = Release|Any CPU
		{C6779785-EC2A-44FA-B22B-088F6F9362D3}.Debug|Any CPU.ActiveCfg = Debug|Any CPU
		{C6779785-EC2A-44FA-B22B-088F6F9362D3}.Debug|Any CPU.Build.0 = Debug|Any CPU
		{C6779785-EC2A-44FA-B22B-088F6F9362D3}.Release|Any CPU.ActiveCfg = Release|Any CPU
		{C6779785-EC2A-44FA-B22B-088F6F9362D3}.Release|Any CPU.Build.0 = Release|Any CPU
		{8B73C7D4-BB56-4EDB-9116-1DA8317A6319}.Debug|Any CPU.ActiveCfg = Debug|Any CPU
		{8B73C7D4-BB56-4EDB-9116-1DA8317A6319}.Debug|Any CPU.Build.0 = Debug|Any CPU
		{8B73C7D4-BB56-4EDB-9116-1DA8317A6319}.Release|Any CPU.ActiveCfg = Release|Any CPU
		{8B73C7D4-BB56-4EDB-9116-1DA8317A6319}.Release|Any CPU.Build.0 = Release|Any CPU
		{EB7EB82A-C49B-47BB-9849-941847333EAD}.Debug|Any CPU.ActiveCfg = Debug|Any CPU
		{EB7EB82A-C49B-47BB-9849-941847333EAD}.Debug|Any CPU.Build.0 = Debug|Any CPU
		{EB7EB82A-C49B-47BB-9849-941847333EAD}.Release|Any CPU.ActiveCfg = Release|Any CPU
		{EB7EB82A-C49B-47BB-9849-941847333EAD}.Release|Any CPU.Build.0 = Release|Any CPU
		{6DA2FFAB-85DF-434F-9A32-5EF19C7E6B1B}.Debug|Any CPU.ActiveCfg = Debug|Any CPU
		{6DA2FFAB-85DF-434F-9A32-5EF19C7E6B1B}.Debug|Any CPU.Build.0 = Debug|Any CPU
		{6DA2FFAB-85DF-434F-9A32-5EF19C7E6B1B}.Release|Any CPU.ActiveCfg = Release|Any CPU
		{6DA2FFAB-85DF-434F-9A32-5EF19C7E6B1B}.Release|Any CPU.Build.0 = Release|Any CPU
		{7BD933AA-0190-44E9-BFFD-961A44B7959C}.Debug|Any CPU.ActiveCfg = Debug|Any CPU
		{7BD933AA-0190-44E9-BFFD-961A44B7959C}.Debug|Any CPU.Build.0 = Debug|Any CPU
		{7BD933AA-0190-44E9-BFFD-961A44B7959C}.Release|Any CPU.ActiveCfg = Release|Any CPU
		{7BD933AA-0190-44E9-BFFD-961A44B7959C}.Release|Any CPU.Build.0 = Release|Any CPU
		{271B7E0D-877A-4D45-AB74-28DEB9867ACB}.Debug|Any CPU.ActiveCfg = Debug|Any CPU
		{271B7E0D-877A-4D45-AB74-28DEB9867ACB}.Debug|Any CPU.Build.0 = Debug|Any CPU
		{271B7E0D-877A-4D45-AB74-28DEB9867ACB}.Release|Any CPU.ActiveCfg = Release|Any CPU
		{271B7E0D-877A-4D45-AB74-28DEB9867ACB}.Release|Any CPU.Build.0 = Release|Any CPU
		{E7DBC739-2B77-43BB-BB79-E2616EF78B7F}.Debug|Any CPU.ActiveCfg = Debug|Any CPU
		{E7DBC739-2B77-43BB-BB79-E2616EF78B7F}.Debug|Any CPU.Build.0 = Debug|Any CPU
		{E7DBC739-2B77-43BB-BB79-E2616EF78B7F}.Release|Any CPU.ActiveCfg = Release|Any CPU
		{E7DBC739-2B77-43BB-BB79-E2616EF78B7F}.Release|Any CPU.Build.0 = Release|Any CPU
		{F17CC984-7284-4BAA-ABD7-6F4196684B51}.Debug|Any CPU.ActiveCfg = Debug|Any CPU
		{F17CC984-7284-4BAA-ABD7-6F4196684B51}.Debug|Any CPU.Build.0 = Debug|Any CPU
		{F17CC984-7284-4BAA-ABD7-6F4196684B51}.Release|Any CPU.ActiveCfg = Release|Any CPU
		{F17CC984-7284-4BAA-ABD7-6F4196684B51}.Release|Any CPU.Build.0 = Release|Any CPU
		{714FA223-073C-4994-A14E-7DEADFAD4EB6}.Debug|Any CPU.ActiveCfg = Debug|Any CPU
		{714FA223-073C-4994-A14E-7DEADFAD4EB6}.Debug|Any CPU.Build.0 = Debug|Any CPU
		{714FA223-073C-4994-A14E-7DEADFAD4EB6}.Release|Any CPU.ActiveCfg = Release|Any CPU
		{714FA223-073C-4994-A14E-7DEADFAD4EB6}.Release|Any CPU.Build.0 = Release|Any CPU
		{918B9E3A-78D5-417B-9967-049A95141C2A}.Debug|Any CPU.ActiveCfg = Debug|Any CPU
		{918B9E3A-78D5-417B-9967-049A95141C2A}.Debug|Any CPU.Build.0 = Debug|Any CPU
		{918B9E3A-78D5-417B-9967-049A95141C2A}.Release|Any CPU.ActiveCfg = Release|Any CPU
		{918B9E3A-78D5-417B-9967-049A95141C2A}.Release|Any CPU.Build.0 = Release|Any CPU
	EndGlobalSection
	GlobalSection(SolutionProperties) = preSolution
		HideSolutionNode = FALSE
	EndGlobalSection
	GlobalSection(NestedProjects) = preSolution
		{267D7085-8B97-4F12-A003-F36D7C5B153C} = {CFB1E401-B346-4D26-A302-97A55EEC734F}
		{1210E461-A1CF-43BA-A740-C7FC87EC47B9} = {2CC4ED27-C459-4440-8FA8-B84B6BD630B0}
		{C6779785-EC2A-44FA-B22B-088F6F9362D3} = {267D7085-8B97-4F12-A003-F36D7C5B153C}
		{8B73C7D4-BB56-4EDB-9116-1DA8317A6319} = {163CA97B-040F-4495-883C-B5ACF33AF02D}
		{EB7EB82A-C49B-47BB-9849-941847333EAD} = {163CA97B-040F-4495-883C-B5ACF33AF02D}
		{6DA2FFAB-85DF-434F-9A32-5EF19C7E6B1B} = {AEF28560-A609-4D66-A3CF-5519258B0F02}
		{7BD933AA-0190-44E9-BFFD-961A44B7959C} = {267D7085-8B97-4F12-A003-F36D7C5B153C}
		{271B7E0D-877A-4D45-AB74-28DEB9867ACB} = {AEF28560-A609-4D66-A3CF-5519258B0F02}
		{E7DBC739-2B77-43BB-BB79-E2616EF78B7F} = {68484318-7206-4E43-AC9E-A243AE6EC5DD}
		{F17CC984-7284-4BAA-ABD7-6F4196684B51} = {2CC4ED27-C459-4440-8FA8-B84B6BD630B0}
		{714FA223-073C-4994-A14E-7DEADFAD4EB6} = {267D7085-8B97-4F12-A003-F36D7C5B153C}
		{AEF28560-A609-4D66-A3CF-5519258B0F02} = {CFB1E401-B346-4D26-A302-97A55EEC734F}
		{918B9E3A-78D5-417B-9967-049A95141C2A} = {267D7085-8B97-4F12-A003-F36D7C5B153C}
	EndGlobalSection
	GlobalSection(ExtensibilityGlobals) = postSolution
		SolutionGuid = {A210A9B8-7839-450A-8E62-A331F8EE2FE4}
	EndGlobalSection
EndGlobal
